
Microsoft Visual Studio Solution File, Format Version 12.00
# Visual Studio Version 16
VisualStudioVersion = 16.0.31005.135
MinimumVisualStudioVersion = 10.0.40219.1
Project("{FAE04EC0-301F-11D3-BF4B-00C04F79EFBC}") = "Panipo", "Panipo\Panipo.csproj", "{21D9C0D8-FCEB-47C6-9A32-1C3E5F6A31C2}"
EndProject
Global
	GlobalSection(SolutionConfigurationPlatforms) = preSolution
		Debug|ARM = Debug|ARM
		Debug|ARM64 = Debug|ARM64
		Debug|x64 = Debug|x64
		Debug|x86 = Debug|x86
		Release|ARM = Release|ARM
		Release|ARM64 = Release|ARM64
		Release|x64 = Release|x64
		Release|x86 = Release|x86
	EndGlobalSection
	GlobalSection(ProjectConfigurationPlatforms) = postSolution
		{21D9C0D8-FCEB-47C6-9A32-1C3E5F6A31C2}.Debug|ARM.ActiveCfg = Debug|ARM
		{21D9C0D8-FCEB-47C6-9A32-1C3E5F6A31C2}.Debug|ARM.Build.0 = Debug|ARM
		{21D9C0D8-FCEB-47C6-9A32-1C3E5F6A31C2}.Debug|ARM.Deploy.0 = Debug|ARM
		{21D9C0D8-FCEB-47C6-9A32-1C3E5F6A31C2}.Debug|ARM64.ActiveCfg = Debug|ARM64
		{21D9C0D8-FCEB-47C6-9A32-1C3E5F6A31C2}.Debug|ARM64.Build.0 = Debug|ARM64
		{21D9C0D8-FCEB-47C6-9A32-1C3E5F6A31C2}.Debug|ARM64.Deploy.0 = Debug|ARM64
		{21D9C0D8-FCEB-47C6-9A32-1C3E5F6A31C2}.Debug|x64.ActiveCfg = Debug|x64
		{21D9C0D8-FCEB-47C6-9A32-1C3E5F6A31C2}.Debug|x64.Build.0 = Debug|x64
		{21D9C0D8-FCEB-47C6-9A32-1C3E5F6A31C2}.Debug|x64.Deploy.0 = Debug|x64
		{21D9C0D8-FCEB-47C6-9A32-1C3E5F6A31C2}.Debug|x86.ActiveCfg = Debug|x86
		{21D9C0D8-FCEB-47C6-9A32-1C3E5F6A31C2}.Debug|x86.Build.0 = Debug|x86
		{21D9C0D8-FCEB-47C6-9A32-1C3E5F6A31C2}.Debug|x86.Deploy.0 = Debug|x86
		{21D9C0D8-FCEB-47C6-9A32-1C3E5F6A31C2}.Release|ARM.ActiveCfg = Release|ARM
		{21D9C0D8-FCEB-47C6-9A32-1C3E5F6A31C2}.Release|ARM.Build.0 = Release|ARM
		{21D9C0D8-FCEB-47C6-9A32-1C3E5F6A31C2}.Release|ARM.Deploy.0 = Release|ARM
		{21D9C0D8-FCEB-47C6-9A32-1C3E5F6A31C2}.Release|ARM64.ActiveCfg = Release|ARM64
		{21D9C0D8-FCEB-47C6-9A32-1C3E5F6A31C2}.Release|ARM64.Build.0 = Release|ARM64
		{21D9C0D8-FCEB-47C6-9A32-1C3E5F6A31C2}.Release|ARM64.Deploy.0 = Release|ARM64
		{21D9C0D8-FCEB-47C6-9A32-1C3E5F6A31C2}.Release|x64.ActiveCfg = Release|x64
		{21D9C0D8-FCEB-47C6-9A32-1C3E5F6A31C2}.Release|x64.Build.0 = Release|x64
		{21D9C0D8-FCEB-47C6-9A32-1C3E5F6A31C2}.Release|x64.Deploy.0 = Release|x64
		{21D9C0D8-FCEB-47C6-9A32-1C3E5F6A31C2}.Release|x86.ActiveCfg = Release|x86
		{21D9C0D8-FCEB-47C6-9A32-1C3E5F6A31C2}.Release|x86.Build.0 = Release|x86
		{21D9C0D8-FCEB-47C6-9A32-1C3E5F6A31C2}.Release|x86.Deploy.0 = Release|x86
	EndGlobalSection
	GlobalSection(SolutionProperties) = preSolution
		HideSolutionNode = FALSE
	EndGlobalSection
	GlobalSection(ExtensibilityGlobals) = postSolution
		SolutionGuid = {B042E72E-4C65-4094-978E-E48C721C4C17}
	EndGlobalSection
EndGlobal
